
Microsoft Visual Studio Solution File, Format Version 12.00
# Visual Studio Version 17
VisualStudioVersion = 17.8.34322.80
MinimumVisualStudioVersion = 10.0.40219.1
Project("{FAE04EC0-301F-11D3-BF4B-00C04F79EFBC}") = "HelloWorld", "HelloWorld\HelloWorld.csproj", "{90942A5E-F7C4-4214-9B43-CA95FA6E5F43}"
EndProject
Global
	GlobalSection(SolutionConfigurationPlatforms) = preSolution
		Debug|Any CPU = Debug|Any CPU
		Release|Any CPU = Release|Any CPU
	EndGlobalSection
	GlobalSection(ProjectConfigurationPlatforms) = postSolution
		{90942A5E-F7C4-4214-9B43-CA95FA6E5F43}.Debug|Any CPU.ActiveCfg = Debug|Any CPU
		{90942A5E-F7C4-4214-9B43-CA95FA6E5F43}.Debug|Any CPU.Build.0 = Debug|Any CPU
		{90942A5E-F7C4-4214-9B43-CA95FA6E5F43}.Release|Any CPU.ActiveCfg = Release|Any CPU
		{90942A5E-F7C4-4214-9B43-CA95FA6E5F43}.Release|Any CPU.Build.0 = Release|Any CPU
	EndGlobalSection
	GlobalSection(SolutionProperties) = preSolution
		HideSolutionNode = FALSE
	EndGlobalSection
	GlobalSection(ExtensibilityGlobals) = postSolution
		SolutionGuid = {024A4E45-04F4-4657-AFE3-D01C88C1F4AB}
	EndGlobalSection
EndGlobal
